{
    "_meta": {
        "hash": {
            "sha256": "370e1656ff6ec3edb608ff0147ab87fae6e4e3fdc1bca2e0df6631401939bbb4"
        },
        "pipfile-spec": 6,
        "requires": {
            "python_version": "3.9"
        },
        "sources": [
            {
                "name": "pypi",
                "url": "https://pypi.org/simple",
                "verify_ssl": true
            }
        ]
    },
    "default": {
        "asgiref": {
            "hashes": [
                "sha256:1d2880b792ae8757289136f1db2b7b99100ce959b2aa57fd69dab783d05afac4",
                "sha256:4a29362a6acebe09bf1d6640db38c1dc3d9217c68e6f9f6204d72667fc19a424"
            ],
            "markers": "python_version >= '3.7'",
            "version": "==3.5.2"
        },
        "django": {
            "hashes": [
                "sha256:a67a793ff6827fd373555537dca0da293a63a316fe34cb7f367f898ccca3c3ae",
                "sha256:ca54ebedfcbc60d191391efbf02ba68fb52165b8bf6ccd6fe71f098cac1fe59e"
            ],
            "markers": "python_version >= '3.8'",
            "version": "==4.0.6"
        },
        "django-phonenumber-field": {
            "hashes": [
                "sha256:188ca55b27ef1ac4d9b279d90ee3f1377ece6cd9ed8c63f0a66efd565bf9ad6f",
                "sha256:668db2e61559908ce8dcd660ac716262c7922cc29ec76ede3f9b88772992dc28"
            ],
            "index": "pypi",
            "version": "==6.3.0"
        },
        "phonenumbers": {
            "hashes": [
                "sha256:9d4a9460127ffd288ae071dd1f7942e2329da5b5c5d57d8aabe7103427ca7cbf",
                "sha256:ac13b944e18ecb3ad58d9a090a2053dfe3d30dbe3711ebc2945a461b855ad4bf"
            ],
            "index": "pypi",
            "version": "==8.12.51"
        },
        "sqlparse": {
            "hashes": [
                "sha256:0c00730c74263a94e5a9919ade150dfc3b19c574389985446148402998287dae",
                "sha256:48719e356bb8b42991bdbb1e8b83223757b93789c00910a616a071910ca4a64d"
            ],
            "markers": "python_version >= '3.5'",
            "version": "==0.4.2"
        }
    },
    "develop": {}
}
